// !$*UTF8*$!
{
	archiveVersion = 1;
	classes = {
	};
	objectVersion = 56;
	objects = {

/* Begin PBXBuildFile section */
		2CFC93722C0927C50027531F /* AppDelegate.swift in Sources */ = {isa = PBXBuildFile; fileRef = 2CFC93712C0927C50027531F /* AppDelegate.swift */; };
		2CFC93742C0927C50027531F /* SceneDelegate.swift in Sources */ = {isa = PBXBuildFile; fileRef = 2CFC93732C0927C50027531F /* SceneDelegate.swift */; };
		2CFC93762C0927C50027531F /* ViewController.swift in Sources */ = {isa = PBXBuildFile; fileRef = 2CFC93752C0927C50027531F /* ViewController.swift */; };
		2CFC93792C0927C50027531F /* Base in Resources */ = {isa = PBXBuildFile; fileRef = 2CFC93782C0927C50027531F /* Base */; };
		2CFC937B2C0927C70027531F /* Assets.xcassets in Resources */ = {isa = PBXBuildFile; fileRef = 2CFC937A2C0927C70027531F /* Assets.xcassets */; };
		2CFC937E2C0927C70027531F /* Base in Resources */ = {isa = PBXBuildFile; fileRef = 2CFC937D2C0927C70027531F /* Base */; };
		2CFC93892C0927C70027531F /* TestSwiftUICellTests.swift in Sources */ = {isa = PBXBuildFile; fileRef = 2CFC93882C0927C70027531F /* TestSwiftUICellTests.swift */; };
		2CFC93932C0927C70027531F /* TestSwiftUICellUITests.swift in Sources */ = {isa = PBXBuildFile; fileRef = 2CFC93922C0927C70027531F /* TestSwiftUICellUITests.swift */; };
		2CFC93952C0927C70027531F /* TestSwiftUICellUITestsLaunchTests.swift in Sources */ = {isa = PBXBuildFile; fileRef = 2CFC93942C0927C70027531F /* TestSwiftUICellUITestsLaunchTests.swift */; };
		2CFC93A22C0929390027531F /* HostingTableViewCell.swift in Sources */ = {isa = PBXBuildFile; fileRef = 2CFC93A12C0929390027531F /* HostingTableViewCell.swift */; };
		2CFC93A42C092AFF0027531F /* CellView.swift in Sources */ = {isa = PBXBuildFile; fileRef = 2CFC93A32C092AFF0027531F /* CellView.swift */; };
/* End PBXBuildFile section */

/* Begin PBXContainerItemProxy section */
		2CFC93852C0927C70027531F /* PBXContainerItemProxy */ = {
			isa = PBXContainerItemProxy;
			containerPortal = 2CFC93662C0927C50027531F /* Project object */;
			proxyType = 1;
			remoteGlobalIDString = 2CFC936D2C0927C50027531F;
			remoteInfo = TestSwiftUICell;
		};
		2CFC938F2C0927C70027531F /* PBXContainerItemProxy */ = {
			isa = PBXContainerItemProxy;
			containerPortal = 2CFC93662C0927C50027531F /* Project object */;
			proxyType = 1;
			remoteGlobalIDString = 2CFC936D2C0927C50027531F;
			remoteInfo = TestSwiftUICell;
		};
/* End PBXContainerItemProxy section */

/* Begin PBXFileReference section */
		2CFC936E2C0927C50027531F /* TestSwiftUICell.app */ = {isa = PBXFileReference; explicitFileType = wrapper.application; includeInIndex = 0; path = TestSwiftUICell.app; sourceTree = BUILT_PRODUCTS_DIR; };
		2CFC93712C0927C50027531F /* AppDelegate.swift */ = {isa = PBXFileReference; lastKnownFileType = sourcecode.swift; path = AppDelegate.swift; sourceTree = "<group>"; };
		2CFC93732C0927C50027531F /* SceneDelegate.swift */ = {isa = PBXFileReference; lastKnownFileType = sourcecode.swift; path = SceneDelegate.swift; sourceTree = "<group>"; };
		2CFC93752C0927C50027531F /* ViewController.swift */ = {isa = PBXFileReference; lastKnownFileType = sourcecode.swift; path = ViewController.swift; sourceTree = "<group>"; };
		2CFC93782C0927C50027531F /* Base */ = {isa = PBXFileReference; lastKnownFileType = file.storyboard; name = Base; path = Base.lproj/Main.storyboard; sourceTree = "<group>"; };
		2CFC937A2C0927C70027531F /* Assets.xcassets */ = {isa = PBXFileReference; lastKnownFileType = folder.assetcatalog; path = Assets.xcassets; sourceTree = "<group>"; };
		2CFC937D2C0927C70027531F /* Base */ = {isa = PBXFileReference; lastKnownFileType = file.storyboard; name = Base; path = Base.lproj/LaunchScreen.storyboard; sourceTree = "<group>"; };
		2CFC937F2C0927C70027531F /* Info.plist */ = {isa = PBXFileReference; lastKnownFileType = text.plist.xml; path = Info.plist; sourceTree = "<group>"; };
		2CFC93842C0927C70027531F /* TestSwiftUICellTests.xctest */ = {isa = PBXFileReference; explicitFileType = wrapper.cfbundle; includeInIndex = 0; path = TestSwiftUICellTests.xctest; sourceTree = BUILT_PRODUCTS_DIR; };
		2CFC93882C0927C70027531F /* TestSwiftUICellTests.swift */ = {isa = PBXFileReference; lastKnownFileType = sourcecode.swift; path = TestSwiftUICellTests.swift; sourceTree = "<group>"; };
		2CFC938E2C0927C70027531F /* TestSwiftUICellUITests.xctest */ = {isa = PBXFileReference; explicitFileType = wrapper.cfbundle; includeInIndex = 0; path = TestSwiftUICellUITests.xctest; sourceTree = BUILT_PRODUCTS_DIR; };
		2CFC93922C0927C70027531F /* TestSwiftUICellUITests.swift */ = {isa = PBXFileReference; lastKnownFileType = sourcecode.swift; path = TestSwiftUICellUITests.swift; sourceTree = "<group>"; };
		2CFC93942C0927C70027531F /* TestSwiftUICellUITestsLaunchTests.swift */ = {isa = PBXFileReference; lastKnownFileType = sourcecode.swift; path = TestSwiftUICellUITestsLaunchTests.swift; sourceTree = "<group>"; };
		2CFC93A12C0929390027531F /* HostingTableViewCell.swift */ = {isa = PBXFileReference; lastKnownFileType = sourcecode.swift; path = HostingTableViewCell.swift; sourceTree = "<group>"; };
		2CFC93A32C092AFF0027531F /* CellView.swift */ = {isa = PBXFileReference; lastKnownFileType = sourcecode.swift; path = CellView.swift; sourceTree = "<group>"; };
/* End PBXFileReference section */

/* Begin PBXFrameworksBuildPhase section */
		2CFC936B2C0927C50027531F /* Frameworks */ = {
			isa = PBXFrameworksBuildPhase;
			buildActionMask = 2147483647;
			files = (
			);
			runOnlyForDeploymentPostprocessing = 0;
		};
		2CFC93812C0927C70027531F /* Frameworks */ = {
			isa = PBXFrameworksBuildPhase;
			buildActionMask = 2147483647;
			files = (
			);
			runOnlyForDeploymentPostprocessing = 0;
		};
		2CFC938B2C0927C70027531F /* Frameworks */ = {
			isa = PBXFrameworksBuildPhase;
			buildActionMask = 2147483647;
			files = (
			);
			runOnlyForDeploymentPostprocessing = 0;
		};
/* End PBXFrameworksBuildPhase section */

/* Begin PBXGroup section */
		2CFC93652C0927C50027531F = {
			isa = PBXGroup;
			children = (
				2CFC93702C0927C50027531F /* TestSwiftUICell */,
				2CFC93872C0927C70027531F /* TestSwiftUICellTests */,
				2CFC93912C0927C70027531F /* TestSwiftUICellUITests */,
				2CFC936F2C0927C50027531F /* Products */,
			);
			sourceTree = "<group>";
		};
		2CFC936F2C0927C50027531F /* Products */ = {
			isa = PBXGroup;
			children = (
				2CFC936E2C0927C50027531F /* TestSwiftUICell.app */,
				2CFC93842C0927C70027531F /* TestSwiftUICellTests.xctest */,
				2CFC938E2C0927C70027531F /* TestSwiftUICellUITests.xctest */,
			);
			name = Products;
			sourceTree = "<group>";
		};
		2CFC93702C0927C50027531F /* TestSwiftUICell */ = {
			isa = PBXGroup;
			children = (
				2CFC93712C0927C50027531F /* AppDelegate.swift */,
				2CFC93732C0927C50027531F /* SceneDelegate.swift */,
				2CFC93752C0927C50027531F /* ViewController.swift */,
				2CFC93772C0927C50027531F /* Main.storyboard */,
				2CFC937A2C0927C70027531F /* Assets.xcassets */,
				2CFC937C2C0927C70027531F /* LaunchScreen.storyboard */,
				2CFC937F2C0927C70027531F /* Info.plist */,
				2CFC93A12C0929390027531F /* HostingTableViewCell.swift */,
				2CFC93A32C092AFF0027531F /* CellView.swift */,
			);
			path = TestSwiftUICell;
			sourceTree = "<group>";
		};
		2CFC93872C0927C70027531F /* TestSwiftUICellTests */ = {
			isa = PBXGroup;
			children = (
				2CFC93882C0927C70027531F /* TestSwiftUICellTests.swift */,
			);
			path = TestSwiftUICellTests;
			sourceTree = "<group>";
		};
		2CFC93912C0927C70027531F /* TestSwiftUICellUITests */ = {
			isa = PBXGroup;
			children = (
				2CFC93922C0927C70027531F /* TestSwiftUICellUITests.swift */,
				2CFC93942C0927C70027531F /* TestSwiftUICellUITestsLaunchTests.swift */,
			);
			path = TestSwiftUICellUITests;
			sourceTree = "<group>";
		};
/* End PBXGroup section */

/* Begin PBXNativeTarget section */
		2CFC936D2C0927C50027531F /* TestSwiftUICell */ = {
			isa = PBXNativeTarget;
			buildConfigurationList = 2CFC93982C0927C70027531F /* Build configuration list for PBXNativeTarget "TestSwiftUICell" */;
			buildPhases = (
				2CFC936A2C0927C50027531F /* Sources */,
				2CFC936B2C0927C50027531F /* Frameworks */,
				2CFC936C2C0927C50027531F /* Resources */,
			);
			buildRules = (
			);
			dependencies = (
			);
			name = TestSwiftUICell;
			productName = TestSwiftUICell;
			productReference = 2CFC936E2C0927C50027531F /* TestSwiftUICell.app */;
			productType = "com.apple.product-type.application";
		};
		2CFC93832C0927C70027531F /* TestSwiftUICellTests */ = {
			isa = PBXNativeTarget;
			buildConfigurationList = 2CFC939B2C0927C70027531F /* Build configuration list for PBXNativeTarget "TestSwiftUICellTests" */;
			buildPhases = (
				2CFC93802C0927C70027531F /* Sources */,
				2CFC93812C0927C70027531F /* Frameworks */,
				2CFC93822C0927C70027531F /* Resources */,
			);
			buildRules = (
			);
			dependencies = (
				2CFC93862C0927C70027531F /* PBXTargetDependency */,
			);
			name = TestSwiftUICellTests;
			productName = TestSwiftUICellTests;
			productReference = 2CFC93842C0927C70027531F /* TestSwiftUICellTests.xctest */;
			productType = "com.apple.product-type.bundle.unit-test";
		};
		2CFC938D2C0927C70027531F /* TestSwiftUICellUITests */ = {
			isa = PBXNativeTarget;
			buildConfigurationList = 2CFC939E2C0927C70027531F /* Build configuration list for PBXNativeTarget "TestSwiftUICellUITests" */;
			buildPhases = (
				2CFC938A2C0927C70027531F /* Sources */,
				2CFC938B2C0927C70027531F /* Frameworks */,
				2CFC938C2C0927C70027531F /* Resources */,
			);
			buildRules = (
			);
			dependencies = (
				2CFC93902C0927C70027531F /* PBXTargetDependency */,
			);
			name = TestSwiftUICellUITests;
			productName = TestSwiftUICellUITests;
			productReference = 2CFC938E2C0927C70027531F /* TestSwiftUICellUITests.xctest */;
			productType = "com.apple.product-type.bundle.ui-testing";
		};
/* End PBXNativeTarget section */

/* Begin PBXProject section */
		2CFC93662C0927C50027531F /* Project object */ = {
			isa = PBXProject;
			attributes = {
				BuildIndependentTargetsInParallel = 1;
				LastSwiftUpdateCheck = 1530;
				LastUpgradeCheck = 1530;
				TargetAttributes = {
					2CFC936D2C0927C50027531F = {
						CreatedOnToolsVersion = 15.3;
					};
					2CFC93832C0927C70027531F = {
						CreatedOnToolsVersion = 15.3;
						TestTargetID = 2CFC936D2C0927C50027531F;
					};
					2CFC938D2C0927C70027531F = {
						CreatedOnToolsVersion = 15.3;
						TestTargetID = 2CFC936D2C0927C50027531F;
					};
				};
			};
			buildConfigurationList = 2CFC93692C0927C50027531F /* Build configuration list for PBXProject "TestSwiftUICell" */;
			compatibilityVersion = "Xcode 14.0";
			developmentRegion = en;
			hasScannedForEncodings = 0;
			knownRegions = (
				en,
				Base,
			);
			mainGroup = 2CFC93652C0927C50027531F;
			productRefGroup = 2CFC936F2C0927C50027531F /* Products */;
			projectDirPath = "";
			projectRoot = "";
			targets = (
				2CFC936D2C0927C50027531F /* TestSwiftUICell */,
				2CFC93832C0927C70027531F /* TestSwiftUICellTests */,
				2CFC938D2C0927C70027531F /* TestSwiftUICellUITests */,
			);
		};
/* End PBXProject section */

/* Begin PBXResourcesBuildPhase section */
		2CFC936C2C0927C50027531F /* Resources */ = {
			isa = PBXResourcesBuildPhase;
			buildActionMask = 2147483647;
			files = (
				2CFC937B2C0927C70027531F /* Assets.xcassets in Resources */,
				2CFC937E2C0927C70027531F /* Base in Resources */,
				2CFC93792C0927C50027531F /* Base in Resources */,
			);
			runOnlyForDeploymentPostprocessing = 0;
		};
		2CFC93822C0927C70027531F /* Resources */ = {
			isa = PBXResourcesBuildPhase;
			buildActionMask = 2147483647;
			files = (
			);
			runOnlyForDeploymentPostprocessing = 0;
		};
		2CFC938C2C0927C70027531F /* Resources */ = {
			isa = PBXResourcesBuildPhase;
			buildActionMask = 2147483647;
			files = (
			);
			runOnlyForDeploymentPostprocessing = 0;
		};
/* End PBXResourcesBuildPhase section */

/* Begin PBXSourcesBuildPhase section */
		2CFC936A2C0927C50027531F /* Sources */ = {
			isa = PBXSourcesBuildPhase;
			buildActionMask = 2147483647;
			files = (
				2CFC93A22C0929390027531F /* HostingTableViewCell.swift in Sources */,
				2CFC93A42C092AFF0027531F /* CellView.swift in Sources */,
				2CFC93762C0927C50027531F /* ViewController.swift in Sources */,
				2CFC93722C0927C50027531F /* AppDelegate.swift in Sources */,
				2CFC93742C0927C50027531F /* SceneDelegate.swift in Sources */,
			);
			runOnlyForDeploymentPostprocessing = 0;
		};
		2CFC93802C0927C70027531F /* Sources */ = {
			isa = PBXSourcesBuildPhase;
			buildActionMask = 2147483647;
			files = (
				2CFC93892C0927C70027531F /* TestSwiftUICellTests.swift in Sources */,
			);
			runOnlyForDeploymentPostprocessing = 0;
		};
		2CFC938A2C0927C70027531F /* Sources */ = {
			isa = PBXSourcesBuildPhase;
			buildActionMask = 2147483647;
			files = (
				2CFC93952C0927C70027531F /* TestSwiftUICellUITestsLaunchTests.swift in Sources */,
				2CFC93932C0927C70027531F /* TestSwiftUICellUITests.swift in Sources */,
			);
			runOnlyForDeploymentPostprocessing = 0;
		};
/* End PBXSourcesBuildPhase section */

/* Begin PBXTargetDependency section */
		2CFC93862C0927C70027531F /* PBXTargetDependency */ = {
			isa = PBXTargetDependency;
			target = 2CFC936D2C0927C50027531F /* TestSwiftUICell */;
			targetProxy = 2CFC93852C0927C70027531F /* PBXContainerItemProxy */;
		};
		2CFC93902C0927C70027531F /* PBXTargetDependency */ = {
			isa = PBXTargetDependency;
			target = 2CFC936D2C0927C50027531F /* TestSwiftUICell */;
			targetProxy = 2CFC938F2C0927C70027531F /* PBXContainerItemProxy */;
		};
/* End PBXTargetDependency section */

/* Begin PBXVariantGroup section */
		2CFC93772C0927C50027531F /* Main.storyboard */ = {
			isa = PBXVariantGroup;
			children = (
				2CFC93782C0927C50027531F /* Base */,
			);
			name = Main.storyboard;
			sourceTree = "<group>";
		};
		2CFC937C2C0927C70027531F /* LaunchScreen.storyboard */ = {
			isa = PBXVariantGroup;
			children = (
				2CFC937D2C0927C70027531F /* Base */,
			);
			name = LaunchScreen.storyboard;
			sourceTree = "<group>";
		};
/* End PBXVariantGroup section */

/* Begin XCBuildConfiguration section */
		2CFC93962C0927C70027531F /* Debug */ = {
			isa = XCBuildConfiguration;
			buildSettings = {
				ALWAYS_SEARCH_USER_PATHS = NO;
				ASSETCATALOG_COMPILER_GENERATE_SWIFT_ASSET_SYMBOL_EXTENSIONS = YES;
				CLANG_ANALYZER_NONNULL = YES;
				CLANG_ANALYZER_NUMBER_OBJECT_CONVERSION = YES_AGGRESSIVE;
				CLANG_CXX_LANGUAGE_STANDARD = "gnu++20";
				CLANG_ENABLE_MODULES = YES;
				CLANG_ENABLE_OBJC_ARC = YES;
				CLANG_ENABLE_OBJC_WEAK = YES;
				CLANG_WARN_BLOCK_CAPTURE_AUTORELEASING = YES;
				CLANG_WARN_BOOL_CONVERSION = YES;
				CLANG_WARN_COMMA = YES;
				CLANG_WARN_CONSTANT_CONVERSION = YES;
				CLANG_WARN_DEPRECATED_OBJC_IMPLEMENTATIONS = YES;
				CLANG_WARN_DIRECT_OBJC_ISA_USAGE = YES_ERROR;
				CLANG_WARN_DOCUMENTATION_COMMENTS = YES;
				CLANG_WARN_EMPTY_BODY = YES;
				CLANG_WARN_ENUM_CONVERSION = YES;
				CLANG_WARN_INFINITE_RECURSION = YES;
				CLANG_WARN_INT_CONVERSION = YES;
				CLANG_WARN_NON_LITERAL_NULL_CONVERSION = YES;
				CLANG_WARN_OBJC_IMPLICIT_RETAIN_SELF = YES;
				CLANG_WARN_OBJC_LITERAL_CONVERSION = YES;
				CLANG_WARN_OBJC_ROOT_CLASS = YES_ERROR;
				CLANG_WARN_QUOTED_INCLUDE_IN_FRAMEWORK_HEADER = YES;
				CLANG_WARN_RANGE_LOOP_ANALYSIS = YES;
				CLANG_WARN_STRICT_PROTOTYPES = YES;
				CLANG_WARN_SUSPICIOUS_MOVE = YES;
				CLANG_WARN_UNGUARDED_AVAILABILITY = YES_AGGRESSIVE;
				CLANG_WARN_UNREACHABLE_CODE = YES;
				CLANG_WARN__DUPLICATE_METHOD_MATCH = YES;
				COPY_PHASE_STRIP = NO;
				DEBUG_INFORMATION_FORMAT = dwarf;
				ENABLE_STRICT_OBJC_MSGSEND = YES;
				ENABLE_TESTABILITY = YES;
				ENABLE_USER_SCRIPT_SANDBOXING = YES;
				GCC_C_LANGUAGE_STANDARD = gnu17;
				GCC_DYNAMIC_NO_PIC = NO;
				GCC_NO_COMMON_BLOCKS = YES;
				GCC_OPTIMIZATION_LEVEL = 0;
				GCC_PREPROCESSOR_DEFINITIONS = (
					"DEBUG=1",
					"$(inherited)",
				);
				GCC_WARN_64_TO_32_BIT_CONVERSION = YES;
				GCC_WARN_ABOUT_RETURN_TYPE = YES_ERROR;
				GCC_WARN_UNDECLARED_SELECTOR = YES;
				GCC_WARN_UNINITIALIZED_AUTOS = YES_AGGRESSIVE;
				GCC_WARN_UNUSED_FUNCTION = YES;
				GCC_WARN_UNUSED_VARIABLE = YES;
				IPHONEOS_DEPLOYMENT_TARGET = 17.4;
				LOCALIZATION_PREFERS_STRING_CATALOGS = YES;
				MTL_ENABLE_DEBUG_INFO = INCLUDE_SOURCE;
				MTL_FAST_MATH = YES;
				ONLY_ACTIVE_ARCH = YES;
				SDKROOT = iphoneos;
				SWIFT_ACTIVE_COMPILATION_CONDITIONS = "DEBUG $(inherited)";
				SWIFT_OPTIMIZATION_LEVEL = "-Onone";
			};
			name = Debug;
		};
		2CFC93972C0927C70027531F /* Release */ = {
			isa = XCBuildConfiguration;
			buildSettings = {
				ALWAYS_SEARCH_USER_PATHS = NO;
				ASSETCATALOG_COMPILER_GENERATE_SWIFT_ASSET_SYMBOL_EXTENSIONS = YES;
				CLANG_ANALYZER_NONNULL = YES;
				CLANG_ANALYZER_NUMBER_OBJECT_CONVERSION = YES_AGGRESSIVE;
				CLANG_CXX_LANGUAGE_STANDARD = "gnu++20";
				CLANG_ENABLE_MODULES = YES;
				CLANG_ENABLE_OBJC_ARC = YES;
				CLANG_ENABLE_OBJC_WEAK = YES;
				CLANG_WARN_BLOCK_CAPTURE_AUTORELEASING = YES;
				CLANG_WARN_BOOL_CONVERSION = YES;
				CLANG_WARN_COMMA = YES;
				CLANG_WARN_CONSTANT_CONVERSION = YES;
				CLANG_WARN_DEPRECATED_OBJC_IMPLEMENTATIONS = YES;
				CLANG_WARN_DIRECT_OBJC_ISA_USAGE = YES_ERROR;
				CLANG_WARN_DOCUMENTATION_COMMENTS = YES;
				CLANG_WARN_EMPTY_BODY = YES;
				CLANG_WARN_ENUM_CONVERSION = YES;
				CLANG_WARN_INFINITE_RECURSION = YES;
				CLANG_WARN_INT_CONVERSION = YES;
				CLANG_WARN_NON_LITERAL_NULL_CONVERSION = YES;
				CLANG_WARN_OBJC_IMPLICIT_RETAIN_SELF = YES;
				CLANG_WARN_OBJC_LITERAL_CONVERSION = YES;
				CLANG_WARN_OBJC_ROOT_CLASS = YES_ERROR;
				CLANG_WARN_QUOTED_INCLUDE_IN_FRAMEWORK_HEADER = YES;
				CLANG_WARN_RANGE_LOOP_ANALYSIS = YES;
				CLANG_WARN_STRICT_PROTOTYPES = YES;
				CLANG_WARN_SUSPICIOUS_MOVE = YES;
				CLANG_WARN_UNGUARDED_AVAILABILITY = YES_AGGRESSIVE;
				CLANG_WARN_UNREACHABLE_CODE = YES;
				CLANG_WARN__DUPLICATE_METHOD_MATCH = YES;
				COPY_PHASE_STRIP = NO;
				DEBUG_INFORMATION_FORMAT = "dwarf-with-dsym";
				ENABLE_NS_ASSERTIONS = NO;
				ENABLE_STRICT_OBJC_MSGSEND = YES;
				ENABLE_USER_SCRIPT_SANDBOXING = YES;
				GCC_C_LANGUAGE_STANDARD = gnu17;
				GCC_NO_COMMON_BLOCKS = YES;
				GCC_WARN_64_TO_32_BIT_CONVERSION = YES;
				GCC_WARN_ABOUT_RETURN_TYPE = YES_ERROR;
				GCC_WARN_UNDECLARED_SELECTOR = YES;
				GCC_WARN_UNINITIALIZED_AUTOS = YES_AGGRESSIVE;
				GCC_WARN_UNUSED_FUNCTION = YES;
				GCC_WARN_UNUSED_VARIABLE = YES;
				IPHONEOS_DEPLOYMENT_TARGET = 17.4;
				LOCALIZATION_PREFERS_STRING_CATALOGS = YES;
				MTL_ENABLE_DEBUG_INFO = NO;
				MTL_FAST_MATH = YES;
				SDKROOT = iphoneos;
				SWIFT_COMPILATION_MODE = wholemodule;
				VALIDATE_PRODUCT = YES;
			};
			name = Release;
		};
		2CFC93992C0927C70027531F /* Debug */ = {
			isa = XCBuildConfiguration;
			buildSettings = {
				ASSETCATALOG_COMPILER_APPICON_NAME = AppIcon;
				ASSETCATALOG_COMPILER_GLOBAL_ACCENT_COLOR_NAME = AccentColor;
				CODE_SIGN_STYLE = Automatic;
				CURRENT_PROJECT_VERSION = 1;
				DEVELOPMENT_TEAM = NGC2F56S62;
				GENERATE_INFOPLIST_FILE = YES;
				INFOPLIST_FILE = TestSwiftUICell/Info.plist;
				INFOPLIST_KEY_UIApplicationSupportsIndirectInputEvents = YES;
				INFOPLIST_KEY_UILaunchStoryboardName = LaunchScreen;
				INFOPLIST_KEY_UIMainStoryboardFile = Main;
				INFOPLIST_KEY_UISupportedInterfaceOrientations_iPad = "UIInterfaceOrientationPortrait UIInterfaceOrientationPortraitUpsideDown UIInterfaceOrientationLandscapeLeft UIInterfaceOrientationLandscapeRight";
				INFOPLIST_KEY_UISupportedInterfaceOrientations_iPhone = "UIInterfaceOrientationPortrait UIInterfaceOrientationLandscapeLeft UIInterfaceOrientationLandscapeRight";
				LD_RUNPATH_SEARCH_PATHS = (
					"$(inherited)",
					"@executable_path/Frameworks",
				);
				MARKETING_VERSION = 1.0;
				PRODUCT_BUNDLE_IDENTIFIER = com.miguelorjuela.TestSwiftUICell;
				PRODUCT_NAME = "$(TARGET_NAME)";
				SWIFT_EMIT_LOC_STRINGS = YES;
				SWIFT_VERSION = 5.0;
				TARGETED_DEVICE_FAMILY = "1,2";
			};
			name = Debug;
		};
		2CFC939A2C0927C70027531F /* Release */ = {
			isa = XCBuildConfiguration;
			buildSettings = {
				ASSETCATALOG_COMPILER_APPICON_NAME = AppIcon;
				ASSETCATALOG_COMPILER_GLOBAL_ACCENT_COLOR_NAME = AccentColor;
				CODE_SIGN_STYLE = Automatic;
				CURRENT_PROJECT_VERSION = 1;
				DEVELOPMENT_TEAM = NGC2F56S62;
				GENERATE_INFOPLIST_FILE = YES;
				INFOPLIST_FILE = TestSwiftUICell/Info.plist;
				INFOPLIST_KEY_UIApplicationSupportsIndirectInputEvents = YES;
				INFOPLIST_KEY_UILaunchStoryboardName = LaunchScreen;
				INFOPLIST_KEY_UIMainStoryboardFile = Main;
				INFOPLIST_KEY_UISupportedInterfaceOrientations_iPad = "UIInterfaceOrientationPortrait UIInterfaceOrientationPortraitUpsideDown UIInterfaceOrientationLandscapeLeft UIInterfaceOrientationLandscapeRight";
				INFOPLIST_KEY_UISupportedInterfaceOrientations_iPhone = "UIInterfaceOrientationPortrait UIInterfaceOrientationLandscapeLeft UIInterfaceOrientationLandscapeRight";
				LD_RUNPATH_SEARCH_PATHS = (
					"$(inherited)",
					"@executable_path/Frameworks",
				);
				MARKETING_VERSION = 1.0;
				PRODUCT_BUNDLE_IDENTIFIER = com.miguelorjuela.TestSwiftUICell;
				PRODUCT_NAME = "$(TARGET_NAME)";
				SWIFT_EMIT_LOC_STRINGS = YES;
				SWIFT_VERSION = 5.0;
				TARGETED_DEVICE_FAMILY = "1,2";
			};
			name = Release;
		};
		2CFC939C2C0927C70027531F /* Debug */ = {
			isa = XCBuildConfiguration;
			buildSettings = {
				ALWAYS_EMBED_SWIFT_STANDARD_LIBRARIES = YES;
				BUNDLE_LOADER = "$(TEST_HOST)";
				CODE_SIGN_STYLE = Automatic;
				CURRENT_PROJECT_VERSION = 1;
				DEVELOPMENT_TEAM = NGC2F56S62;
				GENERATE_INFOPLIST_FILE = YES;
				IPHONEOS_DEPLOYMENT_TARGET = 17.4;
				MARKETING_VERSION = 1.0;
				PRODUCT_BUNDLE_IDENTIFIER = com.miguelorjuela.TestSwiftUICellTests;
				PRODUCT_NAME = "$(TARGET_NAME)";
				SWIFT_EMIT_LOC_STRINGS = NO;
				SWIFT_VERSION = 5.0;
				TARGETED_DEVICE_FAMILY = "1,2";
				TEST_HOST = "$(BUILT_PRODUCTS_DIR)/TestSwiftUICell.app/$(BUNDLE_EXECUTABLE_FOLDER_PATH)/TestSwiftUICell";
			};
			name = Debug;
		};
		2CFC939D2C0927C70027531F /* Release */ = {
			isa = XCBuildConfiguration;
			buildSettings = {
				ALWAYS_EMBED_SWIFT_STANDARD_LIBRARIES = YES;
				BUNDLE_LOADER = "$(TEST_HOST)";
				CODE_SIGN_STYLE = Automatic;
				CURRENT_PROJECT_VERSION = 1;
				DEVELOPMENT_TEAM = NGC2F56S62;
				GENERATE_INFOPLIST_FILE = YES;
				IPHONEOS_DEPLOYMENT_TARGET = 17.4;
				MARKETING_VERSION = 1.0;
				PRODUCT_BUNDLE_IDENTIFIER = com.miguelorjuela.TestSwiftUICellTests;
				PRODUCT_NAME = "$(TARGET_NAME)";
				SWIFT_EMIT_LOC_STRINGS = NO;
				SWIFT_VERSION = 5.0;
				TARGETED_DEVICE_FAMILY = "1,2";
				TEST_HOST = "$(BUILT_PRODUCTS_DIR)/TestSwiftUICell.app/$(BUNDLE_EXECUTABLE_FOLDER_PATH)/TestSwiftUICell";
			};
			name = Release;
		};
		2CFC939F2C0927C70027531F /* Debug */ = {
			isa = XCBuildConfiguration;
			buildSettings = {
				ALWAYS_EMBED_SWIFT_STANDARD_LIBRARIES = YES;
				CODE_SIGN_STYLE = Automatic;
				CURRENT_PROJECT_VERSION = 1;
				DEVELOPMENT_TEAM = NGC2F56S62;
				GENERATE_INFOPLIST_FILE = YES;
				MARKETING_VERSION = 1.0;
				PRODUCT_BUNDLE_IDENTIFIER = com.miguelorjuela.TestSwiftUICellUITests;
				PRODUCT_NAME = "$(TARGET_NAME)";
				SWIFT_EMIT_LOC_STRINGS = NO;
				SWIFT_VERSION = 5.0;
				TARGETED_DEVICE_FAMILY = "1,2";
				TEST_TARGET_NAME = TestSwiftUICell;
			};
			name = Debug;
		};
		2CFC93A02C0927C70027531F /* Release */ = {
			isa = XCBuildConfiguration;
			buildSettings = {
				ALWAYS_EMBED_SWIFT_STANDARD_LIBRARIES = YES;
				CODE_SIGN_STYLE = Automatic;
				CURRENT_PROJECT_VERSION = 1;
				DEVELOPMENT_TEAM = NGC2F56S62;
				GENERATE_INFOPLIST_FILE = YES;
				MARKETING_VERSION = 1.0;
				PRODUCT_BUNDLE_IDENTIFIER = com.miguelorjuela.TestSwiftUICellUITests;
				PRODUCT_NAME = "$(TARGET_NAME)";
				SWIFT_EMIT_LOC_STRINGS = NO;
				SWIFT_VERSION = 5.0;
				TARGETED_DEVICE_FAMILY = "1,2";
				TEST_TARGET_NAME = TestSwiftUICell;
			};
			name = Release;
		};
/* End XCBuildConfiguration section */

/* Begin XCConfigurationList section */
		2CFC93692C0927C50027531F /* Build configuration list for PBXProject "TestSwiftUICell" */ = {
			isa = XCConfigurationList;
			buildConfigurations = (
				2CFC93962C0927C70027531F /* Debug */,
				2CFC93972C0927C70027531F /* Release */,
			);
			defaultConfigurationIsVisible = 0;
			defaultConfigurationName = Release;
		};
		2CFC93982C0927C70027531F /* Build configuration list for PBXNativeTarget "TestSwiftUICell" */ = {
			isa = XCConfigurationList;
			buildConfigurations = (
				2CFC93992C0927C70027531F /* Debug */,
				2CFC939A2C0927C70027531F /* Release */,
			);
			defaultConfigurationIsVisible = 0;
			defaultConfigurationName = Release;
		};
		2CFC939B2C0927C70027531F /* Build configuration list for PBXNativeTarget "TestSwiftUICellTests" */ = {
			isa = XCConfigurationList;
			buildConfigurations = (
				2CFC939C2C0927C70027531F /* Debug */,
				2CFC939D2C0927C70027531F /* Release */,
			);
			defaultConfigurationIsVisible = 0;
			defaultConfigurationName = Release;
		};
		2CFC939E2C0927C70027531F /* Build configuration list for PBXNativeTarget "TestSwiftUICellUITests" */ = {
			isa = XCConfigurationList;
			buildConfigurations = (
				2CFC939F2C0927C70027531F /* Debug */,
				2CFC93A02C0927C70027531F /* Release */,
			);
			defaultConfigurationIsVisible = 0;
			defaultConfigurationName = Release;
		};
/* End XCConfigurationList section */
	};
	rootObject = 2CFC93662C0927C50027531F /* Project object */;
}
